
Microsoft Visual Studio Solution File, Format Version 12.00
# Visual Studio Version 16
VisualStudioVersion = 16.0.29709.97
MinimumVisualStudioVersion = 10.0.40219.1
Project("{FAE04EC0-301F-11D3-BF4B-00C04F79EFBC}") = "QuanLyCHDTDD", "QuanLyCHDTDD\QuanLyCHDTDD.csproj", "{C7C11729-751B-4D51-8C92-4086A5BB60E7}"
EndProject
Global
	GlobalSection(SolutionConfigurationPlatforms) = preSolution
		Debug|Any CPU = Debug|Any CPU
		Release|Any CPU = Release|Any CPU
	EndGlobalSection
	GlobalSection(ProjectConfigurationPlatforms) = postSolution
		{C7C11729-751B-4D51-8C92-4086A5BB60E7}.Debug|Any CPU.ActiveCfg = Debug|Any CPU
		{C7C11729-751B-4D51-8C92-4086A5BB60E7}.Debug|Any CPU.Build.0 = Debug|Any CPU
		{C7C11729-751B-4D51-8C92-4086A5BB60E7}.Release|Any CPU.ActiveCfg = Release|Any CPU
		{C7C11729-751B-4D51-8C92-4086A5BB60E7}.Release|Any CPU.Build.0 = Release|Any CPU
	EndGlobalSection
	GlobalSection(SolutionProperties) = preSolution
		HideSolutionNode = FALSE
	EndGlobalSection
	GlobalSection(ExtensibilityGlobals) = postSolution
		SolutionGuid = {E581FA2E-9D6D-4575-B819-9098A848DEB3}
	EndGlobalSection
EndGlobal
